
Microsoft Visual Studio Solution File, Format Version 12.00
# Visual Studio Version 16
VisualStudioVersion = 16.0.28917.181
MinimumVisualStudioVersion = 10.0.40219.1
Project("{FAE04EC0-301F-11D3-BF4B-00C04F79EFBC}") = "Afonsoft.M3U", "Afonsoft.m3u\Afonsoft.M3U.csproj", "{EC4C082A-1875-46C4-82D5-69E8A7340B19}"
EndProject
Global
	GlobalSection(SolutionConfigurationPlatforms) = preSolution
		Debug|Any CPU = Debug|Any CPU
		Release|Any CPU = Release|Any CPU
	EndGlobalSection
	GlobalSection(ProjectConfigurationPlatforms) = postSolution
		{EC4C082A-1875-46C4-82D5-69E8A7340B19}.Debug|Any CPU.ActiveCfg = Debug|Any CPU
		{EC4C082A-1875-46C4-82D5-69E8A7340B19}.Debug|Any CPU.Build.0 = Debug|Any CPU
		{EC4C082A-1875-46C4-82D5-69E8A7340B19}.Release|Any CPU.ActiveCfg = Release|Any CPU
		{EC4C082A-1875-46C4-82D5-69E8A7340B19}.Release|Any CPU.Build.0 = Release|Any CPU
	EndGlobalSection
	GlobalSection(SolutionProperties) = preSolution
		HideSolutionNode = FALSE
	EndGlobalSection
	GlobalSection(ExtensibilityGlobals) = postSolution
		SolutionGuid = {7689ED23-9F60-40C9-BC07-94D207EF6AA5}
	EndGlobalSection
EndGlobal
